
Microsoft Visual Studio Solution File, Format Version 12.00
# Visual Studio Version 16
VisualStudioVersion = 16.0.31112.23
MinimumVisualStudioVersion = 10.0.40219.1
Project("{9A19103F-16F7-4668-BE54-9A1E7A4F7556}") = "MetricsManager", "MetricsManager\MetricsManager.csproj", "{629DA5D0-29C1-4EFE-8491-214C918E2C27}"
EndProject
Project("{9A19103F-16F7-4668-BE54-9A1E7A4F7556}") = "MetricsManagerTests", "MetricsManagerTests\MetricsManagerTests.csproj", "{C5D99408-3233-4A7E-A111-40AAA68676A0}"
EndProject
Project("{9A19103F-16F7-4668-BE54-9A1E7A4F7556}") = "WeatherForecast", "WeatherForecast\WeatherForecast.csproj", "{1527ACC4-0D2D-4100-AD41-CA37C814C108}"
EndProject
Project("{9A19103F-16F7-4668-BE54-9A1E7A4F7556}") = "MetricsAgent", "MetricsAgent\MetricsAgent.csproj", "{8A8049B7-FC7F-4833-B56F-925405C92265}"
EndProject
Project("{9A19103F-16F7-4668-BE54-9A1E7A4F7556}") = "MetricsAgentTests", "MetricsAgentTests\MetricsAgentTests.csproj", "{2214F834-6543-469E-B3F6-4E76AD9C0FAA}"
EndProject
Project("{FAE04EC0-301F-11D3-BF4B-00C04F79EFBC}") = "MetricsCommon", "MetricsCommon\MetricsCommon.csproj", "{7DCBA401-C642-4A82-AB9A-B022A05AEF29}"
EndProject
Global
	GlobalSection(SolutionConfigurationPlatforms) = preSolution
		Debug|Any CPU = Debug|Any CPU
		Release|Any CPU = Release|Any CPU
	EndGlobalSection
	GlobalSection(ProjectConfigurationPlatforms) = postSolution
		{629DA5D0-29C1-4EFE-8491-214C918E2C27}.Debug|Any CPU.ActiveCfg = Debug|Any CPU
		{629DA5D0-29C1-4EFE-8491-214C918E2C27}.Debug|Any CPU.Build.0 = Debug|Any CPU
		{629DA5D0-29C1-4EFE-8491-214C918E2C27}.Release|Any CPU.ActiveCfg = Release|Any CPU
		{629DA5D0-29C1-4EFE-8491-214C918E2C27}.Release|Any CPU.Build.0 = Release|Any CPU
		{C5D99408-3233-4A7E-A111-40AAA68676A0}.Debug|Any CPU.ActiveCfg = Debug|Any CPU
		{C5D99408-3233-4A7E-A111-40AAA68676A0}.Debug|Any CPU.Build.0 = Debug|Any CPU
		{C5D99408-3233-4A7E-A111-40AAA68676A0}.Release|Any CPU.ActiveCfg = Release|Any CPU
		{C5D99408-3233-4A7E-A111-40AAA68676A0}.Release|Any CPU.Build.0 = Release|Any CPU
		{1527ACC4-0D2D-4100-AD41-CA37C814C108}.Debug|Any CPU.ActiveCfg = Debug|Any CPU
		{1527ACC4-0D2D-4100-AD41-CA37C814C108}.Debug|Any CPU.Build.0 = Debug|Any CPU
		{1527ACC4-0D2D-4100-AD41-CA37C814C108}.Release|Any CPU.ActiveCfg = Release|Any CPU
		{1527ACC4-0D2D-4100-AD41-CA37C814C108}.Release|Any CPU.Build.0 = Release|Any CPU
		{8A8049B7-FC7F-4833-B56F-925405C92265}.Debug|Any CPU.ActiveCfg = Debug|Any CPU
		{8A8049B7-FC7F-4833-B56F-925405C92265}.Debug|Any CPU.Build.0 = Debug|Any CPU
		{8A8049B7-FC7F-4833-B56F-925405C92265}.Release|Any CPU.ActiveCfg = Release|Any CPU
		{8A8049B7-FC7F-4833-B56F-925405C92265}.Release|Any CPU.Build.0 = Release|Any CPU
		{2214F834-6543-469E-B3F6-4E76AD9C0FAA}.Debug|Any CPU.ActiveCfg = Debug|Any CPU
		{2214F834-6543-469E-B3F6-4E76AD9C0FAA}.Debug|Any CPU.Build.0 = Debug|Any CPU
		{2214F834-6543-469E-B3F6-4E76AD9C0FAA}.Release|Any CPU.ActiveCfg = Release|Any CPU
		{2214F834-6543-469E-B3F6-4E76AD9C0FAA}.Release|Any CPU.Build.0 = Release|Any CPU
		{7DCBA401-C642-4A82-AB9A-B022A05AEF29}.Debug|Any CPU.ActiveCfg = Debug|Any CPU
		{7DCBA401-C642-4A82-AB9A-B022A05AEF29}.Debug|Any CPU.Build.0 = Debug|Any CPU
		{7DCBA401-C642-4A82-AB9A-B022A05AEF29}.Release|Any CPU.ActiveCfg = Release|Any CPU
		{7DCBA401-C642-4A82-AB9A-B022A05AEF29}.Release|Any CPU.Build.0 = Release|Any CPU
	EndGlobalSection
	GlobalSection(SolutionProperties) = preSolution
		HideSolutionNode = FALSE
	EndGlobalSection
	GlobalSection(ExtensibilityGlobals) = postSolution
		SolutionGuid = {2A569F04-4331-4CFA-86AC-B62712C6FB23}
	EndGlobalSection
EndGlobal
